
Microsoft Visual Studio Solution File, Format Version 12.00
# Visual Studio Version 16
VisualStudioVersion = 16.0.29215.179
MinimumVisualStudioVersion = 10.0.40219.1
Project("{FAE04EC0-301F-11D3-BF4B-00C04F79EFBC}") = "metod del2 uppgift 2", "metod del2 uppgift 2\metod del2 uppgift 2.csproj", "{17C2AD66-C01E-48C4-B778-1F22E51DEA85}"
EndProject
Global
	GlobalSection(SolutionConfigurationPlatforms) = preSolution
		Debug|Any CPU = Debug|Any CPU
		Release|Any CPU = Release|Any CPU
	EndGlobalSection
	GlobalSection(ProjectConfigurationPlatforms) = postSolution
		{17C2AD66-C01E-48C4-B778-1F22E51DEA85}.Debug|Any CPU.ActiveCfg = Debug|Any CPU
		{17C2AD66-C01E-48C4-B778-1F22E51DEA85}.Debug|Any CPU.Build.0 = Debug|Any CPU
		{17C2AD66-C01E-48C4-B778-1F22E51DEA85}.Release|Any CPU.ActiveCfg = Release|Any CPU
		{17C2AD66-C01E-48C4-B778-1F22E51DEA85}.Release|Any CPU.Build.0 = Release|Any CPU
	EndGlobalSection
	GlobalSection(SolutionProperties) = preSolution
		HideSolutionNode = FALSE
	EndGlobalSection
	GlobalSection(ExtensibilityGlobals) = postSolution
		SolutionGuid = {54E50BA8-5DC1-4F36-AEC3-80C41C27C07C}
	EndGlobalSection
EndGlobal
