
Microsoft Visual Studio Solution File, Format Version 12.00
# Visual Studio Version 16
VisualStudioVersion = 16.0.29215.179
MinimumVisualStudioVersion = 10.0.40219.1
Project("{FAE04EC0-301F-11D3-BF4B-00C04F79EFBC}") = "metod 2", "metod 2\metod 2.csproj", "{918E5F9C-C5CE-46D3-AA95-4CDD6CD517B3}"
EndProject
Global
	GlobalSection(SolutionConfigurationPlatforms) = preSolution
		Debug|Any CPU = Debug|Any CPU
		Release|Any CPU = Release|Any CPU
	EndGlobalSection
	GlobalSection(ProjectConfigurationPlatforms) = postSolution
		{918E5F9C-C5CE-46D3-AA95-4CDD6CD517B3}.Debug|Any CPU.ActiveCfg = Debug|Any CPU
		{918E5F9C-C5CE-46D3-AA95-4CDD6CD517B3}.Debug|Any CPU.Build.0 = Debug|Any CPU
		{918E5F9C-C5CE-46D3-AA95-4CDD6CD517B3}.Release|Any CPU.ActiveCfg = Release|Any CPU
		{918E5F9C-C5CE-46D3-AA95-4CDD6CD517B3}.Release|Any CPU.Build.0 = Release|Any CPU
	EndGlobalSection
	GlobalSection(SolutionProperties) = preSolution
		HideSolutionNode = FALSE
	EndGlobalSection
	GlobalSection(ExtensibilityGlobals) = postSolution
		SolutionGuid = {CB09717B-5749-45E3-BDCD-5801642EA2E2}
	EndGlobalSection
EndGlobal
